// !$*UTF8*$!
{
	archiveVersion = 1;
	classes = {
	};
	objectVersion = 56;
	objects = {

/* Begin PBXBuildFile section */
		192BE02B2C1BB3AB0089B426 /* FutureView.swift in Sources */ = {isa = PBXBuildFile; fileRef = 192BE02A2C1BB3AB0089B426 /* FutureView.swift */; };
		192BE02D2C1BB45C0089B426 /* HelpView.swift in Sources */ = {isa = PBXBuildFile; fileRef = 192BE02C2C1BB45C0089B426 /* HelpView.swift */; };
		192BE0302C1BB50D0089B426 /* SettingsView.swift in Sources */ = {isa = PBXBuildFile; fileRef = 192BE02F2C1BB50D0089B426 /* SettingsView.swift */; };
		192BE0322C1BB73E0089B426 /* ThemeManager.swift in Sources */ = {isa = PBXBuildFile; fileRef = 192BE0312C1BB73E0089B426 /* ThemeManager.swift */; };
		192BE0342C1BBF180089B426 /* PricingView.swift in Sources */ = {isa = PBXBuildFile; fileRef = 192BE0332C1BBF180089B426 /* PricingView.swift */; };
		1936235A2BD1B6D800EB3801 /* ModalView.swift in Sources */ = {isa = PBXBuildFile; fileRef = 193623592BD1B6D800EB3801 /* ModalView.swift */; };
		1936235C2BD1B7E200EB3801 /* SignInView.swift in Sources */ = {isa = PBXBuildFile; fileRef = 1936235B2BD1B7E200EB3801 /* SignInView.swift */; };
		197C81ED2B1B019B00D4DBC0 /* TabBar.swift in Sources */ = {isa = PBXBuildFile; fileRef = 197C81EC2B1B019B00D4DBC0 /* TabBar.swift */; };
		197C81EF2B1B01A900D4DBC0 /* NavigationBar.swift in Sources */ = {isa = PBXBuildFile; fileRef = 197C81EE2B1B01A900D4DBC0 /* NavigationBar.swift */; };
		197C81F12B1B01B600D4DBC0 /* HomeView.swift in Sources */ = {isa = PBXBuildFile; fileRef = 197C81F02B1B01B600D4DBC0 /* HomeView.swift */; };
		197C81F32B1B01CA00D4DBC0 /* AccountView.swift in Sources */ = {isa = PBXBuildFile; fileRef = 197C81F22B1B01CA00D4DBC0 /* AccountView.swift */; };
		197C81F52B1B01DA00D4DBC0 /* MatchedView.swift in Sources */ = {isa = PBXBuildFile; fileRef = 197C81F42B1B01DA00D4DBC0 /* MatchedView.swift */; };
		197C81F72B1B01E500D4DBC0 /* CourseView.swift in Sources */ = {isa = PBXBuildFile; fileRef = 197C81F62B1B01E500D4DBC0 /* CourseView.swift */; };
		197C81F92B1B01EF00D4DBC0 /* SearchView.swift in Sources */ = {isa = PBXBuildFile; fileRef = 197C81F82B1B01EF00D4DBC0 /* SearchView.swift */; };
		197C81FB2B1B01FA00D4DBC0 /* SignUpView.swift in Sources */ = {isa = PBXBuildFile; fileRef = 197C81FA2B1B01FA00D4DBC0 /* SignUpView.swift */; };
		197C81FD2B1B020A00D4DBC0 /* BlobView.swift in Sources */ = {isa = PBXBuildFile; fileRef = 197C81FC2B1B020A00D4DBC0 /* BlobView.swift */; };
		197C81FF2B1B021F00D4DBC0 /* HexagonStyle.swift in Sources */ = {isa = PBXBuildFile; fileRef = 197C81FE2B1B021F00D4DBC0 /* HexagonStyle.swift */; };
		197C82012B1B022D00D4DBC0 /* FeaturedItem.swift in Sources */ = {isa = PBXBuildFile; fileRef = 197C82002B1B022D00D4DBC0 /* FeaturedItem.swift */; };
		197C82032B1B023800D4DBC0 /* CourseItem.swift in Sources */ = {isa = PBXBuildFile; fileRef = 197C82022B1B023800D4DBC0 /* CourseItem.swift */; };
		197C82052B1B024800D4DBC0 /* Tab.swift in Sources */ = {isa = PBXBuildFile; fileRef = 197C82042B1B024800D4DBC0 /* Tab.swift */; };
		197C82072B1B025400D4DBC0 /* PreferenceKeys.swift in Sources */ = {isa = PBXBuildFile; fileRef = 197C82062B1B025400D4DBC0 /* PreferenceKeys.swift */; };
		197C82092B1B025F00D4DBC0 /* Course.swift in Sources */ = {isa = PBXBuildFile; fileRef = 197C82082B1B025F00D4DBC0 /* Course.swift */; };
		197C820B2B1B026700D4DBC0 /* Model.swift in Sources */ = {isa = PBXBuildFile; fileRef = 197C820A2B1B026700D4DBC0 /* Model.swift */; };
		197C820D2B1B027100D4DBC0 /* Suggestion.swift in Sources */ = {isa = PBXBuildFile; fileRef = 197C820C2B1B027100D4DBC0 /* Suggestion.swift */; };
		197C820F2B1B027900D4DBC0 /* Styles.swift in Sources */ = {isa = PBXBuildFile; fileRef = 197C820E2B1B027900D4DBC0 /* Styles.swift */; };
		197C82112B1B029500D4DBC0 /* AnimatableFontModifier.swift in Sources */ = {isa = PBXBuildFile; fileRef = 197C82102B1B029500D4DBC0 /* AnimatableFontModifier.swift */; };
		197C82132B1B029F00D4DBC0 /* Animations.swift in Sources */ = {isa = PBXBuildFile; fileRef = 197C82122B1B029F00D4DBC0 /* Animations.swift */; };
		197C82152B1B02AE00D4DBC0 /* AngularButtonStyle.swift in Sources */ = {isa = PBXBuildFile; fileRef = 197C82142B1B02AE00D4DBC0 /* AngularButtonStyle.swift */; };
		197C82172B1B02BB00D4DBC0 /* InputStyle.swift in Sources */ = {isa = PBXBuildFile; fileRef = 197C82162B1B02BB00D4DBC0 /* InputStyle.swift */; };
		19B289962B1AFE3200B33D87 /* TokkiApp.swift in Sources */ = {isa = PBXBuildFile; fileRef = 19B289952B1AFE3200B33D87 /* TokkiApp.swift */; };
		19B289982B1AFE3200B33D87 /* ContentView.swift in Sources */ = {isa = PBXBuildFile; fileRef = 19B289972B1AFE3200B33D87 /* ContentView.swift */; };
		19B2899A2B1AFE3300B33D87 /* Assets.xcassets in Resources */ = {isa = PBXBuildFile; fileRef = 19B289992B1AFE3300B33D87 /* Assets.xcassets */; };
		19B2899D2B1AFE3300B33D87 /* Preview Assets.xcassets in Resources */ = {isa = PBXBuildFile; fileRef = 19B2899C2B1AFE3300B33D87 /* Preview Assets.xcassets */; };
/* End PBXBuildFile section */

/* Begin PBXFileReference section */
		192BE02A2C1BB3AB0089B426 /* FutureView.swift */ = {isa = PBXFileReference; lastKnownFileType = sourcecode.swift; path = FutureView.swift; sourceTree = "<group>"; };
		192BE02C2C1BB45C0089B426 /* HelpView.swift */ = {isa = PBXFileReference; lastKnownFileType = sourcecode.swift; path = HelpView.swift; sourceTree = "<group>"; };
		192BE02F2C1BB50D0089B426 /* SettingsView.swift */ = {isa = PBXFileReference; lastKnownFileType = sourcecode.swift; path = SettingsView.swift; sourceTree = "<group>"; };
		192BE0312C1BB73E0089B426 /* ThemeManager.swift */ = {isa = PBXFileReference; lastKnownFileType = sourcecode.swift; path = ThemeManager.swift; sourceTree = "<group>"; };
		192BE0332C1BBF180089B426 /* PricingView.swift */ = {isa = PBXFileReference; lastKnownFileType = sourcecode.swift; path = PricingView.swift; sourceTree = "<group>"; };
		193528DD2C14FA8000349FCF /* Tokki.app */ = {isa = PBXFileReference; explicitFileType = wrapper.application; includeInIndex = 0; path = Tokki.app; sourceTree = BUILT_PRODUCTS_DIR; };
		193623592BD1B6D800EB3801 /* ModalView.swift */ = {isa = PBXFileReference; lastKnownFileType = sourcecode.swift; path = ModalView.swift; sourceTree = "<group>"; };
		1936235B2BD1B7E200EB3801 /* SignInView.swift */ = {isa = PBXFileReference; lastKnownFileType = sourcecode.swift; path = SignInView.swift; sourceTree = "<group>"; };
		197C81EC2B1B019B00D4DBC0 /* TabBar.swift */ = {isa = PBXFileReference; lastKnownFileType = sourcecode.swift; path = TabBar.swift; sourceTree = "<group>"; };
		197C81EE2B1B01A900D4DBC0 /* NavigationBar.swift */ = {isa = PBXFileReference; lastKnownFileType = sourcecode.swift; path = NavigationBar.swift; sourceTree = "<group>"; };
		197C81F02B1B01B600D4DBC0 /* HomeView.swift */ = {isa = PBXFileReference; lastKnownFileType = sourcecode.swift; path = HomeView.swift; sourceTree = "<group>"; };
		197C81F22B1B01CA00D4DBC0 /* AccountView.swift */ = {isa = PBXFileReference; lastKnownFileType = sourcecode.swift; path = AccountView.swift; sourceTree = "<group>"; };
		197C81F42B1B01DA00D4DBC0 /* MatchedView.swift */ = {isa = PBXFileReference; lastKnownFileType = sourcecode.swift; path = MatchedView.swift; sourceTree = "<group>"; };
		197C81F62B1B01E500D4DBC0 /* CourseView.swift */ = {isa = PBXFileReference; lastKnownFileType = sourcecode.swift; path = CourseView.swift; sourceTree = "<group>"; };
		197C81F82B1B01EF00D4DBC0 /* SearchView.swift */ = {isa = PBXFileReference; lastKnownFileType = sourcecode.swift; path = SearchView.swift; sourceTree = "<group>"; };
		197C81FA2B1B01FA00D4DBC0 /* SignUpView.swift */ = {isa = PBXFileReference; lastKnownFileType = sourcecode.swift; path = SignUpView.swift; sourceTree = "<group>"; };
		197C81FC2B1B020A00D4DBC0 /* BlobView.swift */ = {isa = PBXFileReference; lastKnownFileType = sourcecode.swift; path = BlobView.swift; sourceTree = "<group>"; };
		197C81FE2B1B021F00D4DBC0 /* HexagonStyle.swift */ = {isa = PBXFileReference; lastKnownFileType = sourcecode.swift; path = HexagonStyle.swift; sourceTree = "<group>"; };
		197C82002B1B022D00D4DBC0 /* FeaturedItem.swift */ = {isa = PBXFileReference; lastKnownFileType = sourcecode.swift; path = FeaturedItem.swift; sourceTree = "<group>"; };
		197C82022B1B023800D4DBC0 /* CourseItem.swift */ = {isa = PBXFileReference; lastKnownFileType = sourcecode.swift; path = CourseItem.swift; sourceTree = "<group>"; };
		197C82042B1B024800D4DBC0 /* Tab.swift */ = {isa = PBXFileReference; lastKnownFileType = sourcecode.swift; path = Tab.swift; sourceTree = "<group>"; };
		197C82062B1B025400D4DBC0 /* PreferenceKeys.swift */ = {isa = PBXFileReference; lastKnownFileType = sourcecode.swift; path = PreferenceKeys.swift; sourceTree = "<group>"; };
		197C82082B1B025F00D4DBC0 /* Course.swift */ = {isa = PBXFileReference; lastKnownFileType = sourcecode.swift; path = Course.swift; sourceTree = "<group>"; };
		197C820A2B1B026700D4DBC0 /* Model.swift */ = {isa = PBXFileReference; lastKnownFileType = sourcecode.swift; path = Model.swift; sourceTree = "<group>"; };
		197C820C2B1B027100D4DBC0 /* Suggestion.swift */ = {isa = PBXFileReference; lastKnownFileType = sourcecode.swift; path = Suggestion.swift; sourceTree = "<group>"; };
		197C820E2B1B027900D4DBC0 /* Styles.swift */ = {isa = PBXFileReference; lastKnownFileType = sourcecode.swift; path = Styles.swift; sourceTree = "<group>"; };
		197C82102B1B029500D4DBC0 /* AnimatableFontModifier.swift */ = {isa = PBXFileReference; lastKnownFileType = sourcecode.swift; path = AnimatableFontModifier.swift; sourceTree = "<group>"; };
		197C82122B1B029F00D4DBC0 /* Animations.swift */ = {isa = PBXFileReference; lastKnownFileType = sourcecode.swift; path = Animations.swift; sourceTree = "<group>"; };
		197C82142B1B02AE00D4DBC0 /* AngularButtonStyle.swift */ = {isa = PBXFileReference; lastKnownFileType = sourcecode.swift; path = AngularButtonStyle.swift; sourceTree = "<group>"; };
		197C82162B1B02BB00D4DBC0 /* InputStyle.swift */ = {isa = PBXFileReference; lastKnownFileType = sourcecode.swift; path = InputStyle.swift; sourceTree = "<group>"; };
		1989DC872BF3040F006D70BD /* GoogleService-Info.plist */ = {isa = PBXFileReference; lastKnownFileType = text.plist.xml; name = "GoogleService-Info.plist"; path = "../../../../Downloads/GoogleService-Info.plist"; sourceTree = "<group>"; };
		19B289952B1AFE3200B33D87 /* TokkiApp.swift */ = {isa = PBXFileReference; lastKnownFileType = sourcecode.swift; path = TokkiApp.swift; sourceTree = "<group>"; };
		19B289972B1AFE3200B33D87 /* ContentView.swift */ = {isa = PBXFileReference; lastKnownFileType = sourcecode.swift; path = ContentView.swift; sourceTree = "<group>"; };
		19B289992B1AFE3300B33D87 /* Assets.xcassets */ = {isa = PBXFileReference; lastKnownFileType = folder.assetcatalog; path = Assets.xcassets; sourceTree = "<group>"; };
		19B2899C2B1AFE3300B33D87 /* Preview Assets.xcassets */ = {isa = PBXFileReference; lastKnownFileType = folder.assetcatalog; path = "Preview Assets.xcassets"; sourceTree = "<group>"; };
/* End PBXFileReference section */

/* Begin PBXFrameworksBuildPhase section */
		19B2898F2B1AFE3200B33D87 /* Frameworks */ = {
			isa = PBXFrameworksBuildPhase;
			buildActionMask = 2147483647;
			files = (
			);
			runOnlyForDeploymentPostprocessing = 0;
		};
/* End PBXFrameworksBuildPhase section */

/* Begin PBXGroup section */
		1920FA092BD24EA00005981D /* Modals */ = {
			isa = PBXGroup;
			children = (
				197C81FA2B1B01FA00D4DBC0 /* SignUpView.swift */,
				1936235B2BD1B7E200EB3801 /* SignInView.swift */,
				193623592BD1B6D800EB3801 /* ModalView.swift */,
			);
			path = Modals;
			sourceTree = "<group>";
		};
		192BE02E2C1BB4F00089B426 /* Menu */ = {
			isa = PBXGroup;
			children = (
				192BE02A2C1BB3AB0089B426 /* FutureView.swift */,
				192BE02C2C1BB45C0089B426 /* HelpView.swift */,
				192BE02F2C1BB50D0089B426 /* SettingsView.swift */,
				192BE0332C1BBF180089B426 /* PricingView.swift */,
			);
			path = Menu;
			sourceTree = "<group>";
		};
		197C81E72B1B008400D4DBC0 /* Navigation */ = {
			isa = PBXGroup;
			children = (
				19B289972B1AFE3200B33D87 /* ContentView.swift */,
				197C81EC2B1B019B00D4DBC0 /* TabBar.swift */,
				197C81EE2B1B01A900D4DBC0 /* NavigationBar.swift */,
			);
			path = Navigation;
			sourceTree = "<group>";
		};
		197C81E82B1B00F300D4DBC0 /* Views */ = {
			isa = PBXGroup;
			children = (
				192BE02E2C1BB4F00089B426 /* Menu */,
				1920FA092BD24EA00005981D /* Modals */,
				197C81F22B1B01CA00D4DBC0 /* AccountView.swift */,
				197C81F62B1B01E500D4DBC0 /* CourseView.swift */,
				197C81F02B1B01B600D4DBC0 /* HomeView.swift */,
				197C81F42B1B01DA00D4DBC0 /* MatchedView.swift */,
				197C81F82B1B01EF00D4DBC0 /* SearchView.swift */,
			);
			path = Views;
			sourceTree = "<group>";
		};
		197C81E92B1B00FD00D4DBC0 /* Components */ = {
			isa = PBXGroup;
			children = (
				197C81FC2B1B020A00D4DBC0 /* BlobView.swift */,
				197C82022B1B023800D4DBC0 /* CourseItem.swift */,
				197C81FE2B1B021F00D4DBC0 /* HexagonStyle.swift */,
				197C82002B1B022D00D4DBC0 /* FeaturedItem.swift */,
			);
			path = Components;
			sourceTree = "<group>";
		};
		197C81EA2B1B011200D4DBC0 /* Model */ = {
			isa = PBXGroup;
			children = (
				197C82082B1B025F00D4DBC0 /* Course.swift */,
				197C820A2B1B026700D4DBC0 /* Model.swift */,
				197C820C2B1B027100D4DBC0 /* Suggestion.swift */,
				197C82042B1B024800D4DBC0 /* Tab.swift */,
				192BE0312C1BB73E0089B426 /* ThemeManager.swift */,
				197C82062B1B025400D4DBC0 /* PreferenceKeys.swift */,
			);
			path = Model;
			sourceTree = "<group>";
		};
		197C81EB2B1B012500D4DBC0 /* Styles */ = {
			isa = PBXGroup;
			children = (
				197C82102B1B029500D4DBC0 /* AnimatableFontModifier.swift */,
				197C82122B1B029F00D4DBC0 /* Animations.swift */,
				197C82142B1B02AE00D4DBC0 /* AngularButtonStyle.swift */,
				197C82162B1B02BB00D4DBC0 /* InputStyle.swift */,
				197C820E2B1B027900D4DBC0 /* Styles.swift */,
			);
			path = Styles;
			sourceTree = "<group>";
		};
		19B289892B1AFE3200B33D87 = {
			isa = PBXGroup;
			children = (
				19B289942B1AFE3200B33D87 /* Tokki */,
				1989DC872BF3040F006D70BD /* GoogleService-Info.plist */,
				193528DD2C14FA8000349FCF /* Tokki.app */,
			);
			sourceTree = "<group>";
		};
		19B289942B1AFE3200B33D87 /* Tokki */ = {
			isa = PBXGroup;
			children = (
				19B289952B1AFE3200B33D87 /* TokkiApp.swift */,
				197C81E72B1B008400D4DBC0 /* Navigation */,
				197C81E82B1B00F300D4DBC0 /* Views */,
				197C81E92B1B00FD00D4DBC0 /* Components */,
				197C81EA2B1B011200D4DBC0 /* Model */,
				197C81EB2B1B012500D4DBC0 /* Styles */,
				19B289992B1AFE3300B33D87 /* Assets.xcassets */,
				19B2899B2B1AFE3300B33D87 /* Preview Content */,
			);
			path = Tokki;
			sourceTree = "<group>";
		};
		19B2899B2B1AFE3300B33D87 /* Preview Content */ = {
			isa = PBXGroup;
			children = (
				19B2899C2B1AFE3300B33D87 /* Preview Assets.xcassets */,
			);
			path = "Preview Content";
			sourceTree = "<group>";
		};
/* End PBXGroup section */

/* Begin PBXNativeTarget section */
		19B289912B1AFE3200B33D87 /* Tokki */ = {
			isa = PBXNativeTarget;
			buildConfigurationList = 19B289A02B1AFE3300B33D87 /* Build configuration list for PBXNativeTarget "Tokki" */;
			buildPhases = (
				19B2898E2B1AFE3200B33D87 /* Sources */,
				19B2898F2B1AFE3200B33D87 /* Frameworks */,
				19B289902B1AFE3200B33D87 /* Resources */,
			);
			buildRules = (
			);
			dependencies = (
			);
			name = Tokki;
			packageProductDependencies = (
			);
			productName = Tokki;
			productReference = 193528DD2C14FA8000349FCF /* Tokki.app */;
			productType = "com.apple.product-type.application";
		};
/* End PBXNativeTarget section */

/* Begin PBXProject section */
		19B2898A2B1AFE3200B33D87 /* Project object */ = {
			isa = PBXProject;
			attributes = {
				BuildIndependentTargetsInParallel = 1;
				LastSwiftUpdateCheck = 1420;
				LastUpgradeCheck = 1540;
				TargetAttributes = {
					19B289912B1AFE3200B33D87 = {
						CreatedOnToolsVersion = 14.2;
					};
				};
			};
			buildConfigurationList = 19B2898D2B1AFE3200B33D87 /* Build configuration list for PBXProject "Tokki" */;
			compatibilityVersion = "Xcode 14.0";
			developmentRegion = en;
			hasScannedForEncodings = 0;
			knownRegions = (
				en,
				Base,
			);
			mainGroup = 19B289892B1AFE3200B33D87;
			packageReferences = (
			);
			productRefGroup = 19B289892B1AFE3200B33D87;
			projectDirPath = "";
			projectRoot = "";
			targets = (
				19B289912B1AFE3200B33D87 /* Tokki */,
			);
		};
/* End PBXProject section */

/* Begin PBXResourcesBuildPhase section */
		19B289902B1AFE3200B33D87 /* Resources */ = {
			isa = PBXResourcesBuildPhase;
			buildActionMask = 2147483647;
			files = (
				19B2899D2B1AFE3300B33D87 /* Preview Assets.xcassets in Resources */,
				19B2899A2B1AFE3300B33D87 /* Assets.xcassets in Resources */,
			);
			runOnlyForDeploymentPostprocessing = 0;
		};
/* End PBXResourcesBuildPhase section */

/* Begin PBXSourcesBuildPhase section */
		19B2898E2B1AFE3200B33D87 /* Sources */ = {
			isa = PBXSourcesBuildPhase;
			buildActionMask = 2147483647;
			files = (
				197C81FF2B1B021F00D4DBC0 /* HexagonStyle.swift in Sources */,
				197C81F32B1B01CA00D4DBC0 /* AccountView.swift in Sources */,
				192BE0342C1BBF180089B426 /* PricingView.swift in Sources */,
				197C81F92B1B01EF00D4DBC0 /* SearchView.swift in Sources */,
				197C820D2B1B027100D4DBC0 /* Suggestion.swift in Sources */,
				197C82032B1B023800D4DBC0 /* CourseItem.swift in Sources */,
				197C82112B1B029500D4DBC0 /* AnimatableFontModifier.swift in Sources */,
				197C81ED2B1B019B00D4DBC0 /* TabBar.swift in Sources */,
				197C82092B1B025F00D4DBC0 /* Course.swift in Sources */,
				19B289982B1AFE3200B33D87 /* ContentView.swift in Sources */,
				19B289962B1AFE3200B33D87 /* TokkiApp.swift in Sources */,
				197C82152B1B02AE00D4DBC0 /* AngularButtonStyle.swift in Sources */,
				197C81F12B1B01B600D4DBC0 /* HomeView.swift in Sources */,
				192BE02B2C1BB3AB0089B426 /* FutureView.swift in Sources */,
				1936235C2BD1B7E200EB3801 /* SignInView.swift in Sources */,
				197C820B2B1B026700D4DBC0 /* Model.swift in Sources */,
				197C820F2B1B027900D4DBC0 /* Styles.swift in Sources */,
				197C82012B1B022D00D4DBC0 /* FeaturedItem.swift in Sources */,
				192BE0322C1BB73E0089B426 /* ThemeManager.swift in Sources */,
				192BE02D2C1BB45C0089B426 /* HelpView.swift in Sources */,
				192BE0302C1BB50D0089B426 /* SettingsView.swift in Sources */,
				197C81FB2B1B01FA00D4DBC0 /* SignUpView.swift in Sources */,
				197C82072B1B025400D4DBC0 /* PreferenceKeys.swift in Sources */,
				197C81F52B1B01DA00D4DBC0 /* MatchedView.swift in Sources */,
				197C81EF2B1B01A900D4DBC0 /* NavigationBar.swift in Sources */,
				197C82052B1B024800D4DBC0 /* Tab.swift in Sources */,
				197C82172B1B02BB00D4DBC0 /* InputStyle.swift in Sources */,
				197C81FD2B1B020A00D4DBC0 /* BlobView.swift in Sources */,
				197C82132B1B029F00D4DBC0 /* Animations.swift in Sources */,
				197C81F72B1B01E500D4DBC0 /* CourseView.swift in Sources */,
				1936235A2BD1B6D800EB3801 /* ModalView.swift in Sources */,
			);
			runOnlyForDeploymentPostprocessing = 0;
		};
/* End PBXSourcesBuildPhase section */

/* Begin XCBuildConfiguration section */
		19B2899E2B1AFE3300B33D87 /* Debug */ = {
			isa = XCBuildConfiguration;
			buildSettings = {
				ALWAYS_SEARCH_USER_PATHS = NO;
				CLANG_ANALYZER_NONNULL = YES;
				CLANG_ANALYZER_NUMBER_OBJECT_CONVERSION = YES_AGGRESSIVE;
				CLANG_CXX_LANGUAGE_STANDARD = "gnu++20";
				CLANG_ENABLE_MODULES = YES;
				CLANG_ENABLE_OBJC_ARC = YES;
				CLANG_ENABLE_OBJC_WEAK = YES;
				CLANG_WARN_BLOCK_CAPTURE_AUTORELEASING = YES;
				CLANG_WARN_BOOL_CONVERSION = YES;
				CLANG_WARN_COMMA = YES;
				CLANG_WARN_CONSTANT_CONVERSION = YES;
				CLANG_WARN_DEPRECATED_OBJC_IMPLEMENTATIONS = YES;
				CLANG_WARN_DIRECT_OBJC_ISA_USAGE = YES_ERROR;
				CLANG_WARN_DOCUMENTATION_COMMENTS = YES;
				CLANG_WARN_EMPTY_BODY = YES;
				CLANG_WARN_ENUM_CONVERSION = YES;
				CLANG_WARN_INFINITE_RECURSION = YES;
				CLANG_WARN_INT_CONVERSION = YES;
				CLANG_WARN_NON_LITERAL_NULL_CONVERSION = YES;
				CLANG_WARN_OBJC_IMPLICIT_RETAIN_SELF = YES;
				CLANG_WARN_OBJC_LITERAL_CONVERSION = YES;
				CLANG_WARN_OBJC_ROOT_CLASS = YES_ERROR;
				CLANG_WARN_QUOTED_INCLUDE_IN_FRAMEWORK_HEADER = YES;
				CLANG_WARN_RANGE_LOOP_ANALYSIS = YES;
				CLANG_WARN_STRICT_PROTOTYPES = YES;
				CLANG_WARN_SUSPICIOUS_MOVE = YES;
				CLANG_WARN_UNGUARDED_AVAILABILITY = YES_AGGRESSIVE;
				CLANG_WARN_UNREACHABLE_CODE = YES;
				CLANG_WARN__DUPLICATE_METHOD_MATCH = YES;
				COPY_PHASE_STRIP = NO;
				DEBUG_INFORMATION_FORMAT = dwarf;
				ENABLE_STRICT_OBJC_MSGSEND = YES;
				ENABLE_TESTABILITY = YES;
				ENABLE_USER_SCRIPT_SANDBOXING = YES;
				GCC_C_LANGUAGE_STANDARD = gnu11;
				GCC_DYNAMIC_NO_PIC = NO;
				GCC_NO_COMMON_BLOCKS = YES;
				GCC_OPTIMIZATION_LEVEL = 0;
				GCC_PREPROCESSOR_DEFINITIONS = (
					"DEBUG=1",
					"$(inherited)",
				);
				GCC_WARN_64_TO_32_BIT_CONVERSION = YES;
				GCC_WARN_ABOUT_RETURN_TYPE = YES_ERROR;
				GCC_WARN_UNDECLARED_SELECTOR = YES;
				GCC_WARN_UNINITIALIZED_AUTOS = YES_AGGRESSIVE;
				GCC_WARN_UNUSED_FUNCTION = YES;
				GCC_WARN_UNUSED_VARIABLE = YES;
				IPHONEOS_DEPLOYMENT_TARGET = 16.3;
				MTL_ENABLE_DEBUG_INFO = INCLUDE_SOURCE;
				MTL_FAST_MATH = YES;
				ONLY_ACTIVE_ARCH = YES;
				SDKROOT = iphoneos;
				SWIFT_ACTIVE_COMPILATION_CONDITIONS = DEBUG;
				SWIFT_OPTIMIZATION_LEVEL = "-Onone";
			};
			name = Debug;
		};
		19B2899F2B1AFE3300B33D87 /* Release */ = {
			isa = XCBuildConfiguration;
			buildSettings = {
				ALWAYS_SEARCH_USER_PATHS = NO;
				CLANG_ANALYZER_NONNULL = YES;
				CLANG_ANALYZER_NUMBER_OBJECT_CONVERSION = YES_AGGRESSIVE;
				CLANG_CXX_LANGUAGE_STANDARD = "gnu++20";
				CLANG_ENABLE_MODULES = YES;
				CLANG_ENABLE_OBJC_ARC = YES;
				CLANG_ENABLE_OBJC_WEAK = YES;
				CLANG_WARN_BLOCK_CAPTURE_AUTORELEASING = YES;
				CLANG_WARN_BOOL_CONVERSION = YES;
				CLANG_WARN_COMMA = YES;
				CLANG_WARN_CONSTANT_CONVERSION = YES;
				CLANG_WARN_DEPRECATED_OBJC_IMPLEMENTATIONS = YES;
				CLANG_WARN_DIRECT_OBJC_ISA_USAGE = YES_ERROR;
				CLANG_WARN_DOCUMENTATION_COMMENTS = YES;
				CLANG_WARN_EMPTY_BODY = YES;
				CLANG_WARN_ENUM_CONVERSION = YES;
				CLANG_WARN_INFINITE_RECURSION = YES;
				CLANG_WARN_INT_CONVERSION = YES;
				CLANG_WARN_NON_LITERAL_NULL_CONVERSION = YES;
				CLANG_WARN_OBJC_IMPLICIT_RETAIN_SELF = YES;
				CLANG_WARN_OBJC_LITERAL_CONVERSION = YES;
				CLANG_WARN_OBJC_ROOT_CLASS = YES_ERROR;
				CLANG_WARN_QUOTED_INCLUDE_IN_FRAMEWORK_HEADER = YES;
				CLANG_WARN_RANGE_LOOP_ANALYSIS = YES;
				CLANG_WARN_STRICT_PROTOTYPES = YES;
				CLANG_WARN_SUSPICIOUS_MOVE = YES;
				CLANG_WARN_UNGUARDED_AVAILABILITY = YES_AGGRESSIVE;
				CLANG_WARN_UNREACHABLE_CODE = YES;
				CLANG_WARN__DUPLICATE_METHOD_MATCH = YES;
				COPY_PHASE_STRIP = NO;
				DEBUG_INFORMATION_FORMAT = "dwarf-with-dsym";
				ENABLE_NS_ASSERTIONS = NO;
				ENABLE_STRICT_OBJC_MSGSEND = YES;
				ENABLE_USER_SCRIPT_SANDBOXING = YES;
				GCC_C_LANGUAGE_STANDARD = gnu11;
				GCC_NO_COMMON_BLOCKS = YES;
				GCC_WARN_64_TO_32_BIT_CONVERSION = YES;
				GCC_WARN_ABOUT_RETURN_TYPE = YES_ERROR;
				GCC_WARN_UNDECLARED_SELECTOR = YES;
				GCC_WARN_UNINITIALIZED_AUTOS = YES_AGGRESSIVE;
				GCC_WARN_UNUSED_FUNCTION = YES;
				GCC_WARN_UNUSED_VARIABLE = YES;
				IPHONEOS_DEPLOYMENT_TARGET = 16.3;
				MTL_ENABLE_DEBUG_INFO = NO;
				MTL_FAST_MATH = YES;
				SDKROOT = iphoneos;
				SWIFT_COMPILATION_MODE = wholemodule;
				SWIFT_OPTIMIZATION_LEVEL = "-O";
				VALIDATE_PRODUCT = YES;
			};
			name = Release;
		};
		19B289A12B1AFE3300B33D87 /* Debug */ = {
			isa = XCBuildConfiguration;
			buildSettings = {
				ASSETCATALOG_COMPILER_APPICON_NAME = AppIcon;
				ASSETCATALOG_COMPILER_GLOBAL_ACCENT_COLOR_NAME = AccentColor;
				CODE_SIGN_STYLE = Automatic;
				CURRENT_PROJECT_VERSION = 1;
				DEVELOPMENT_ASSET_PATHS = "\"Tokki/Preview Content\"";
				DEVELOPMENT_TEAM = FD2GDQ7A69;
				ENABLE_PREVIEWS = YES;
				GENERATE_INFOPLIST_FILE = YES;
				INFOPLIST_KEY_UIApplicationSceneManifest_Generation = YES;
				INFOPLIST_KEY_UIApplicationSupportsIndirectInputEvents = YES;
				INFOPLIST_KEY_UILaunchScreen_Generation = YES;
				INFOPLIST_KEY_UISupportedInterfaceOrientations_iPad = "UIInterfaceOrientationPortrait UIInterfaceOrientationPortraitUpsideDown UIInterfaceOrientationLandscapeLeft UIInterfaceOrientationLandscapeRight";
				INFOPLIST_KEY_UISupportedInterfaceOrientations_iPhone = "UIInterfaceOrientationPortrait UIInterfaceOrientationLandscapeLeft UIInterfaceOrientationLandscapeRight";
				LD_RUNPATH_SEARCH_PATHS = (
					"$(inherited)",
					"@executable_path/Frameworks",
				);
				MARKETING_VERSION = 1.0;
				PRODUCT_BUNDLE_IDENTIFIER = com.dariyacode.Vanilla.Tokki;
				PRODUCT_NAME = "$(TARGET_NAME)";
				SWIFT_EMIT_LOC_STRINGS = YES;
				SWIFT_VERSION = 5.0;
				TARGETED_DEVICE_FAMILY = "1,2";
			};
			name = Debug;
		};
		19B289A22B1AFE3300B33D87 /* Release */ = {
			isa = XCBuildConfiguration;
			buildSettings = {
				ASSETCATALOG_COMPILER_APPICON_NAME = AppIcon;
				ASSETCATALOG_COMPILER_GLOBAL_ACCENT_COLOR_NAME = AccentColor;
				CODE_SIGN_STYLE = Automatic;
				CURRENT_PROJECT_VERSION = 1;
				DEVELOPMENT_ASSET_PATHS = "\"Tokki/Preview Content\"";
				DEVELOPMENT_TEAM = FD2GDQ7A69;
				ENABLE_PREVIEWS = YES;
				GENERATE_INFOPLIST_FILE = YES;
				INFOPLIST_KEY_UIApplicationSceneManifest_Generation = YES;
				INFOPLIST_KEY_UIApplicationSupportsIndirectInputEvents = YES;
				INFOPLIST_KEY_UILaunchScreen_Generation = YES;
				INFOPLIST_KEY_UISupportedInterfaceOrientations_iPad = "UIInterfaceOrientationPortrait UIInterfaceOrientationPortraitUpsideDown UIInterfaceOrientationLandscapeLeft UIInterfaceOrientationLandscapeRight";
				INFOPLIST_KEY_UISupportedInterfaceOrientations_iPhone = "UIInterfaceOrientationPortrait UIInterfaceOrientationLandscapeLeft UIInterfaceOrientationLandscapeRight";
				LD_RUNPATH_SEARCH_PATHS = (
					"$(inherited)",
					"@executable_path/Frameworks",
				);
				MARKETING_VERSION = 1.0;
				PRODUCT_BUNDLE_IDENTIFIER = com.dariyacode.Vanilla.Tokki;
				PRODUCT_NAME = "$(TARGET_NAME)";
				SWIFT_EMIT_LOC_STRINGS = YES;
				SWIFT_VERSION = 5.0;
				TARGETED_DEVICE_FAMILY = "1,2";
			};
			name = Release;
		};
/* End XCBuildConfiguration section */

/* Begin XCConfigurationList section */
		19B2898D2B1AFE3200B33D87 /* Build configuration list for PBXProject "Tokki" */ = {
			isa = XCConfigurationList;
			buildConfigurations = (
				19B2899E2B1AFE3300B33D87 /* Debug */,
				19B2899F2B1AFE3300B33D87 /* Release */,
			);
			defaultConfigurationIsVisible = 0;
			defaultConfigurationName = Release;
		};
		19B289A02B1AFE3300B33D87 /* Build configuration list for PBXNativeTarget "Tokki" */ = {
			isa = XCConfigurationList;
			buildConfigurations = (
				19B289A12B1AFE3300B33D87 /* Debug */,
				19B289A22B1AFE3300B33D87 /* Release */,
			);
			defaultConfigurationIsVisible = 0;
			defaultConfigurationName = Release;
		};
/* End XCConfigurationList section */
	};
	rootObject = 19B2898A2B1AFE3200B33D87 /* Project object */;
}
